
Microsoft Visual Studio Solution File, Format Version 12.00
# Visual Studio Version 16
VisualStudioVersion = 16.0.31911.196
MinimumVisualStudioVersion = 10.0.40219.1
Project("{FAE04EC0-301F-11D3-BF4B-00C04F79EFBC}") = "ObjectMapping", "ObjectMapping\ObjectMapping.csproj", "{0C581678-52C6-41E0-A729-0850891A0AA5}"
EndProject
Global
	GlobalSection(SolutionConfigurationPlatforms) = preSolution
		Debug|Any CPU = Debug|Any CPU
		Release|Any CPU = Release|Any CPU
	EndGlobalSection
	GlobalSection(ProjectConfigurationPlatforms) = postSolution
		{0C581678-52C6-41E0-A729-0850891A0AA5}.Debug|Any CPU.ActiveCfg = Debug|Any CPU
		{0C581678-52C6-41E0-A729-0850891A0AA5}.Debug|Any CPU.Build.0 = Debug|Any CPU
		{0C581678-52C6-41E0-A729-0850891A0AA5}.Release|Any CPU.ActiveCfg = Release|Any CPU
		{0C581678-52C6-41E0-A729-0850891A0AA5}.Release|Any CPU.Build.0 = Release|Any CPU
	EndGlobalSection
	GlobalSection(SolutionProperties) = preSolution
		HideSolutionNode = FALSE
	EndGlobalSection
	GlobalSection(ExtensibilityGlobals) = postSolution
		SolutionGuid = {54AAC40D-0435-4071-8566-D8D0EF232034}
	EndGlobalSection
EndGlobal
